// !$*UTF8*$!
{
	archiveVersion = 1;
	classes = {
	};
	objectVersion = 48;
	objects = {

/* Begin PBXBuildFile section */
		7902DE0A20035D6500F60900 /* TestProtocols.swift in Sources */ = {isa = PBXBuildFile; fileRef = 7902DDFB20035D6400F60900 /* TestProtocols.swift */; };
		7902DE0B20035D6500F60900 /* Test.storyboard in Resources */ = {isa = PBXBuildFile; fileRef = 7902DDFC20035D6400F60900 /* Test.storyboard */; };
		7902DE0C20035D6500F60900 /* TestAPIDataManager.swift in Sources */ = {isa = PBXBuildFile; fileRef = 7902DDFF20035D6400F60900 /* TestAPIDataManager.swift */; };
		7902DE0D20035D6500F60900 /* TestLocalDataManager.swift in Sources */ = {isa = PBXBuildFile; fileRef = 7902DE0120035D6400F60900 /* TestLocalDataManager.swift */; };
		7902DE0E20035D6500F60900 /* TestWireframe.swift in Sources */ = {isa = PBXBuildFile; fileRef = 7902DE0320035D6400F60900 /* TestWireframe.swift */; };
		7902DE0F20035D6500F60900 /* TestInteractor.swift in Sources */ = {isa = PBXBuildFile; fileRef = 7902DE0520035D6400F60900 /* TestInteractor.swift */; };
		7902DE1020035D6500F60900 /* TestPresenter.swift in Sources */ = {isa = PBXBuildFile; fileRef = 7902DE0720035D6400F60900 /* TestPresenter.swift */; };
		7902DE1120035D6500F60900 /* TestView.swift in Sources */ = {isa = PBXBuildFile; fileRef = 7902DE0920035D6500F60900 /* TestView.swift */; };
		79B9AC751FE14232000E5795 /* AppDelegate.swift in Sources */ = {isa = PBXBuildFile; fileRef = 79B9AC741FE14232000E5795 /* AppDelegate.swift */; };
		79B9AC771FE14232000E5795 /* ViewController.swift in Sources */ = {isa = PBXBuildFile; fileRef = 79B9AC761FE14232000E5795 /* ViewController.swift */; };
		79B9AC7C1FE14232000E5795 /* LoginAPIDataManager.swift in Sources */ = {isa = PBXBuildFile; fileRef = 79B9AC7B1FE14232000E5795 /* LoginAPIDataManager.swift */; };
		79B9AC7F1FE14232000E5795 /* LoginLocalDataManager.swift in Sources */ = {isa = PBXBuildFile; fileRef = 79B9AC7E1FE14232000E5795 /* LoginLocalDataManager.swift */; };
		79B9AC821FE14232000E5795 /* LoginInteractor.swift in Sources */ = {isa = PBXBuildFile; fileRef = 79B9AC811FE14232000E5795 /* LoginInteractor.swift */; };
		79B9AC851FE14232000E5795 /* LoginPresenter.swift in Sources */ = {isa = PBXBuildFile; fileRef = 79B9AC841FE14232000E5795 /* LoginPresenter.swift */; };
		79B9AC881FE14232000E5795 /* LoginProtocols.swift in Sources */ = {isa = PBXBuildFile; fileRef = 79B9AC871FE14232000E5795 /* LoginProtocols.swift */; };
		79B9AC8B1FE14232000E5795 /* LoginView.swift in Sources */ = {isa = PBXBuildFile; fileRef = 79B9AC8A1FE14232000E5795 /* LoginView.swift */; };
		79B9AC8E1FE14232000E5795 /* LoginWireframe.swift in Sources */ = {isa = PBXBuildFile; fileRef = 79B9AC8D1FE14232000E5795 /* LoginWireframe.swift */; };
		79B9AC901FE14232000E5795 /* Login.storyboard in Resources */ = {isa = PBXBuildFile; fileRef = 79B9AC8F1FE14232000E5795 /* Login.storyboard */; };
		79B9AC951FE14232000E5795 /* SidePanelAPIDataManager.swift in Sources */ = {isa = PBXBuildFile; fileRef = 79B9AC941FE14232000E5795 /* SidePanelAPIDataManager.swift */; };
		79B9AC981FE14232000E5795 /* SidePanelLocalDataManager.swift in Sources */ = {isa = PBXBuildFile; fileRef = 79B9AC971FE14232000E5795 /* SidePanelLocalDataManager.swift */; };
		79B9AC9B1FE14232000E5795 /* SidePanelInteractor.swift in Sources */ = {isa = PBXBuildFile; fileRef = 79B9AC9A1FE14232000E5795 /* SidePanelInteractor.swift */; };
		79B9AC9E1FE14232000E5795 /* SidePanelPresenter.swift in Sources */ = {isa = PBXBuildFile; fileRef = 79B9AC9D1FE14232000E5795 /* SidePanelPresenter.swift */; };
		79B9ACA11FE14232000E5795 /* SidePanelProtocols.swift in Sources */ = {isa = PBXBuildFile; fileRef = 79B9ACA01FE14232000E5795 /* SidePanelProtocols.swift */; };
		79B9ACA41FE14232000E5795 /* SidePanelView.swift in Sources */ = {isa = PBXBuildFile; fileRef = 79B9ACA31FE14232000E5795 /* SidePanelView.swift */; };
		79B9ACA81FE14232000E5795 /* Emptycell.swift in Sources */ = {isa = PBXBuildFile; fileRef = 79B9ACA71FE14232000E5795 /* Emptycell.swift */; };
		79B9ACAA1FE14232000E5795 /* MenuCell.swift in Sources */ = {isa = PBXBuildFile; fileRef = 79B9ACA91FE14232000E5795 /* MenuCell.swift */; };
		79B9ACAC1FE14232000E5795 /* Profilecell.swift in Sources */ = {isa = PBXBuildFile; fileRef = 79B9ACAB1FE14232000E5795 /* Profilecell.swift */; };
		79B9ACAF1FE14232000E5795 /* SidePanelWireframe.swift in Sources */ = {isa = PBXBuildFile; fileRef = 79B9ACAE1FE14232000E5795 /* SidePanelWireframe.swift */; };
		79B9ACB11FE14232000E5795 /* SidePanel.storyboard in Resources */ = {isa = PBXBuildFile; fileRef = 79B9ACB01FE14232000E5795 /* SidePanel.storyboard */; };
		79B9ACB61FE14232000E5795 /* HomeAPIDataManager.swift in Sources */ = {isa = PBXBuildFile; fileRef = 79B9ACB51FE14232000E5795 /* HomeAPIDataManager.swift */; };
		79B9ACB81FE14232000E5795 /* HomeLocalDataManager.swift in Sources */ = {isa = PBXBuildFile; fileRef = 79B9ACB71FE14232000E5795 /* HomeLocalDataManager.swift */; };
		79B9ACBB1FE14232000E5795 /* HomeInteractor.swift in Sources */ = {isa = PBXBuildFile; fileRef = 79B9ACBA1FE14232000E5795 /* HomeInteractor.swift */; };
		79B9ACBE1FE14232000E5795 /* HomePresenter.swift in Sources */ = {isa = PBXBuildFile; fileRef = 79B9ACBD1FE14232000E5795 /* HomePresenter.swift */; };
		79B9ACC11FE14232000E5795 /* HomeProtocols.swift in Sources */ = {isa = PBXBuildFile; fileRef = 79B9ACC01FE14232000E5795 /* HomeProtocols.swift */; };
		79B9ACC41FE14232000E5795 /* HomeView.swift in Sources */ = {isa = PBXBuildFile; fileRef = 79B9ACC31FE14232000E5795 /* HomeView.swift */; };
		79B9ACC71FE14232000E5795 /* HomeWireframe.swift in Sources */ = {isa = PBXBuildFile; fileRef = 79B9ACC61FE14232000E5795 /* HomeWireframe.swift */; };
		79B9ACC91FE14232000E5795 /* Home.storyboard in Resources */ = {isa = PBXBuildFile; fileRef = 79B9ACC81FE14232000E5795 /* Home.storyboard */; };
		79B9ACCE1FE14232000E5795 /* SettingsAPIDataManager.swift in Sources */ = {isa = PBXBuildFile; fileRef = 79B9ACCD1FE14232000E5795 /* SettingsAPIDataManager.swift */; };
		79B9ACD11FE14232000E5795 /* SettingsLocalDataManager.swift in Sources */ = {isa = PBXBuildFile; fileRef = 79B9ACD01FE14232000E5795 /* SettingsLocalDataManager.swift */; };
		79B9ACD41FE14232000E5795 /* SettingsInteractor.swift in Sources */ = {isa = PBXBuildFile; fileRef = 79B9ACD31FE14232000E5795 /* SettingsInteractor.swift */; };
		79B9ACD71FE14232000E5795 /* SettingsPresenter.swift in Sources */ = {isa = PBXBuildFile; fileRef = 79B9ACD61FE14232000E5795 /* SettingsPresenter.swift */; };
		79B9ACDA1FE14232000E5795 /* SettingsProtocols.swift in Sources */ = {isa = PBXBuildFile; fileRef = 79B9ACD91FE14232000E5795 /* SettingsProtocols.swift */; };
		79B9ACDD1FE14232000E5795 /* SettingsView.swift in Sources */ = {isa = PBXBuildFile; fileRef = 79B9ACDC1FE14232000E5795 /* SettingsView.swift */; };
		79B9ACE01FE14232000E5795 /* SettingsWireframe.swift in Sources */ = {isa = PBXBuildFile; fileRef = 79B9ACDF1FE14232000E5795 /* SettingsWireframe.swift */; };
		79B9ACE21FE14232000E5795 /* Settings.storyboard in Resources */ = {isa = PBXBuildFile; fileRef = 79B9ACE11FE14232000E5795 /* Settings.storyboard */; };
		79B9ACE41FE14232000E5795 /* AppDependencies.swift in Sources */ = {isa = PBXBuildFile; fileRef = 79B9ACE31FE14232000E5795 /* AppDependencies.swift */; };
		79B9ACE81FE14232000E5795 /* RootWireframe.swift in Sources */ = {isa = PBXBuildFile; fileRef = 79B9ACE71FE14232000E5795 /* RootWireframe.swift */; };
		79B9ACEC1FE14232000E5795 /* SlideNavigationController.m in Sources */ = {isa = PBXBuildFile; fileRef = 79B9ACEB1FE14232000E5795 /* SlideNavigationController.m */; };
		79B9ACF01FE14232000E5795 /* menu-button.png in Resources */ = {isa = PBXBuildFile; fileRef = 79B9ACEF1FE14232000E5795 /* menu-button.png */; };
		79B9ACF21FE14232000E5795 /* menu-button@2x.png in Resources */ = {isa = PBXBuildFile; fileRef = 79B9ACF11FE14232000E5795 /* menu-button@2x.png */; };
		79B9ACF71FE14232000E5795 /* SlideNavigationContorllerAnimatorFade.m in Sources */ = {isa = PBXBuildFile; fileRef = 79B9ACF61FE14232000E5795 /* SlideNavigationContorllerAnimatorFade.m */; };
		79B9ACFA1FE14232000E5795 /* SlideNavigationContorllerAnimatorScale.m in Sources */ = {isa = PBXBuildFile; fileRef = 79B9ACF91FE14232000E5795 /* SlideNavigationContorllerAnimatorScale.m */; };
		79B9ACFD1FE14232000E5795 /* SlideNavigationContorllerAnimatorScaleAndFade.m in Sources */ = {isa = PBXBuildFile; fileRef = 79B9ACFC1FE14232000E5795 /* SlideNavigationContorllerAnimatorScaleAndFade.m */; };
		79B9AD001FE14232000E5795 /* SlideNavigationContorllerAnimatorSlide.m in Sources */ = {isa = PBXBuildFile; fileRef = 79B9ACFF1FE14232000E5795 /* SlideNavigationContorllerAnimatorSlide.m */; };
		79B9AD031FE14232000E5795 /* SlideNavigationContorllerAnimatorSlideAndFade.m in Sources */ = {isa = PBXBuildFile; fileRef = 79B9AD021FE14232000E5795 /* SlideNavigationContorllerAnimatorSlideAndFade.m */; };
		79B9AD071FE14232000E5795 /* AppEnums.swift in Sources */ = {isa = PBXBuildFile; fileRef = 79B9AD061FE14232000E5795 /* AppEnums.swift */; };
		79B9AD0B1FE14232000E5795 /* CLLocationCoordinate2D.swift in Sources */ = {isa = PBXBuildFile; fileRef = 79B9AD0A1FE14232000E5795 /* CLLocationCoordinate2D.swift */; };
		79B9AD0D1FE14232000E5795 /* Double.swift in Sources */ = {isa = PBXBuildFile; fileRef = 79B9AD0C1FE14232000E5795 /* Double.swift */; };
		79B9AD0F1FE14232000E5795 /* Notification.swift in Sources */ = {isa = PBXBuildFile; fileRef = 79B9AD0E1FE14232000E5795 /* Notification.swift */; };
		79B9AD111FE14232000E5795 /* Sequence.swift in Sources */ = {isa = PBXBuildFile; fileRef = 79B9AD101FE14232000E5795 /* Sequence.swift */; };
		79B9AD131FE14232000E5795 /* String.swift in Sources */ = {isa = PBXBuildFile; fileRef = 79B9AD121FE14232000E5795 /* String.swift */; };
		79B9AD171FE14232000E5795 /* UILayout.swift in Sources */ = {isa = PBXBuildFile; fileRef = 79B9AD161FE14232000E5795 /* UILayout.swift */; };
		79B9AD191FE14232000E5795 /* UIViewAutolayout.swift in Sources */ = {isa = PBXBuildFile; fileRef = 79B9AD181FE14232000E5795 /* UIViewAutolayout.swift */; };
		79B9AD1B1FE14232000E5795 /* UICollectionView.swift in Sources */ = {isa = PBXBuildFile; fileRef = 79B9AD1A1FE14232000E5795 /* UICollectionView.swift */; };
		79B9AD1D1FE14232000E5795 /* UICollectionViewCell.swift in Sources */ = {isa = PBXBuildFile; fileRef = 79B9AD1C1FE14232000E5795 /* UICollectionViewCell.swift */; };
		79B9AD1F1FE14232000E5795 /* UIColor.swift in Sources */ = {isa = PBXBuildFile; fileRef = 79B9AD1E1FE14232000E5795 /* UIColor.swift */; };
		79B9AD211FE14232000E5795 /* UIDevice.swift in Sources */ = {isa = PBXBuildFile; fileRef = 79B9AD201FE14232000E5795 /* UIDevice.swift */; };
		79B9AD231FE14232000E5795 /* UILabel.swift in Sources */ = {isa = PBXBuildFile; fileRef = 79B9AD221FE14232000E5795 /* UILabel.swift */; };
		79B9AD251FE14232000E5795 /* UIStoryboard.swift in Sources */ = {isa = PBXBuildFile; fileRef = 79B9AD241FE14232000E5795 /* UIStoryboard.swift */; };
		79B9AD271FE14232000E5795 /* UIView.swift in Sources */ = {isa = PBXBuildFile; fileRef = 79B9AD261FE14232000E5795 /* UIView.swift */; };
		79B9AD291FE14232000E5795 /* UIVIewController.swift in Sources */ = {isa = PBXBuildFile; fileRef = 79B9AD281FE14232000E5795 /* UIVIewController.swift */; };
		79B9AD2B1FE14232000E5795 /* UIWindow.swift in Sources */ = {isa = PBXBuildFile; fileRef = 79B9AD2A1FE14232000E5795 /* UIWindow.swift */; };
		79B9AD2F1FE14232000E5795 /* Storyboard.swift in Sources */ = {isa = PBXBuildFile; fileRef = 79B9AD2E1FE14232000E5795 /* Storyboard.swift */; };
		79B9AD341FE14232000E5795 /* Main.storyboard in Resources */ = {isa = PBXBuildFile; fileRef = 79B9AD321FE14232000E5795 /* Main.storyboard */; };
		79B9AD361FE14232000E5795 /* Assets.xcassets in Resources */ = {isa = PBXBuildFile; fileRef = 79B9AD351FE14232000E5795 /* Assets.xcassets */; };
		79B9AD391FE14232000E5795 /* LaunchScreen.storyboard in Resources */ = {isa = PBXBuildFile; fileRef = 79B9AD371FE14232000E5795 /* LaunchScreen.storyboard */; };
/* End PBXBuildFile section */

/* Begin PBXFileReference section */
		7902DDFB20035D6400F60900 /* TestProtocols.swift */ = {isa = PBXFileReference; fileEncoding = 4; lastKnownFileType = sourcecode.swift; path = TestProtocols.swift; sourceTree = "<group>"; };
		7902DDFC20035D6400F60900 /* Test.storyboard */ = {isa = PBXFileReference; fileEncoding = 4; lastKnownFileType = file.storyboard; path = Test.storyboard; sourceTree = "<group>"; };
		7902DDFF20035D6400F60900 /* TestAPIDataManager.swift */ = {isa = PBXFileReference; fileEncoding = 4; lastKnownFileType = sourcecode.swift; path = TestAPIDataManager.swift; sourceTree = "<group>"; };
		7902DE0120035D6400F60900 /* TestLocalDataManager.swift */ = {isa = PBXFileReference; fileEncoding = 4; lastKnownFileType = sourcecode.swift; path = TestLocalDataManager.swift; sourceTree = "<group>"; };
		7902DE0320035D6400F60900 /* TestWireframe.swift */ = {isa = PBXFileReference; fileEncoding = 4; lastKnownFileType = sourcecode.swift; path = TestWireframe.swift; sourceTree = "<group>"; };
		7902DE0520035D6400F60900 /* TestInteractor.swift */ = {isa = PBXFileReference; fileEncoding = 4; lastKnownFileType = sourcecode.swift; path = TestInteractor.swift; sourceTree = "<group>"; };
		7902DE0720035D6400F60900 /* TestPresenter.swift */ = {isa = PBXFileReference; fileEncoding = 4; lastKnownFileType = sourcecode.swift; path = TestPresenter.swift; sourceTree = "<group>"; };
		7902DE0920035D6500F60900 /* TestView.swift */ = {isa = PBXFileReference; fileEncoding = 4; lastKnownFileType = sourcecode.swift; path = TestView.swift; sourceTree = "<group>"; };
		79B9AC701FE14232000E5795 /* ViperSampleApp.app */ = {isa = PBXFileReference; explicitFileType = wrapper.application; includeInIndex = 0; path = ViperSampleApp.app; sourceTree = BUILT_PRODUCTS_DIR; };
		79B9AC741FE14232000E5795 /* AppDelegate.swift */ = {isa = PBXFileReference; lastKnownFileType = sourcecode.swift; path = AppDelegate.swift; sourceTree = "<group>"; };
		79B9AC761FE14232000E5795 /* ViewController.swift */ = {isa = PBXFileReference; lastKnownFileType = sourcecode.swift; path = ViewController.swift; sourceTree = "<group>"; };
		79B9AC7B1FE14232000E5795 /* LoginAPIDataManager.swift */ = {isa = PBXFileReference; lastKnownFileType = sourcecode.swift; name = LoginAPIDataManager.swift; path = Login/DataManager/API/LoginAPIDataManager.swift; sourceTree = "<group>"; };
		79B9AC7E1FE14232000E5795 /* LoginLocalDataManager.swift */ = {isa = PBXFileReference; lastKnownFileType = sourcecode.swift; name = LoginLocalDataManager.swift; path = Login/DataManager/Local/LoginLocalDataManager.swift; sourceTree = "<group>"; };
		79B9AC811FE14232000E5795 /* LoginInteractor.swift */ = {isa = PBXFileReference; lastKnownFileType = sourcecode.swift; name = LoginInteractor.swift; path = Login/Interactor/LoginInteractor.swift; sourceTree = "<group>"; };
		79B9AC841FE14232000E5795 /* LoginPresenter.swift */ = {isa = PBXFileReference; lastKnownFileType = sourcecode.swift; name = LoginPresenter.swift; path = Login/Presenter/LoginPresenter.swift; sourceTree = "<group>"; };
		79B9AC871FE14232000E5795 /* LoginProtocols.swift */ = {isa = PBXFileReference; lastKnownFileType = sourcecode.swift; name = LoginProtocols.swift; path = Login/Protocols/LoginProtocols.swift; sourceTree = "<group>"; };
		79B9AC8A1FE14232000E5795 /* LoginView.swift */ = {isa = PBXFileReference; lastKnownFileType = sourcecode.swift; name = LoginView.swift; path = Login/View/LoginView.swift; sourceTree = "<group>"; };
		79B9AC8D1FE14232000E5795 /* LoginWireframe.swift */ = {isa = PBXFileReference; lastKnownFileType = sourcecode.swift; name = LoginWireframe.swift; path = Login/Wireframe/LoginWireframe.swift; sourceTree = "<group>"; };
		79B9AC8F1FE14232000E5795 /* Login.storyboard */ = {isa = PBXFileReference; lastKnownFileType = file.storyboard; name = Login.storyboard; path = Login/Login.storyboard; sourceTree = "<group>"; };
		79B9AC941FE14232000E5795 /* SidePanelAPIDataManager.swift */ = {isa = PBXFileReference; lastKnownFileType = sourcecode.swift; name = SidePanelAPIDataManager.swift; path = SidePanel/DataManager/API/SidePanelAPIDataManager.swift; sourceTree = "<group>"; };
		79B9AC971FE14232000E5795 /* SidePanelLocalDataManager.swift */ = {isa = PBXFileReference; lastKnownFileType = sourcecode.swift; name = SidePanelLocalDataManager.swift; path = SidePanel/DataManager/Local/SidePanelLocalDataManager.swift; sourceTree = "<group>"; };
		79B9AC9A1FE14232000E5795 /* SidePanelInteractor.swift */ = {isa = PBXFileReference; lastKnownFileType = sourcecode.swift; name = SidePanelInteractor.swift; path = SidePanel/Interactor/SidePanelInteractor.swift; sourceTree = "<group>"; };
		79B9AC9D1FE14232000E5795 /* SidePanelPresenter.swift */ = {isa = PBXFileReference; lastKnownFileType = sourcecode.swift; name = SidePanelPresenter.swift; path = SidePanel/Presenter/SidePanelPresenter.swift; sourceTree = "<group>"; };
		79B9ACA01FE14232000E5795 /* SidePanelProtocols.swift */ = {isa = PBXFileReference; lastKnownFileType = sourcecode.swift; name = SidePanelProtocols.swift; path = SidePanel/Protocols/SidePanelProtocols.swift; sourceTree = "<group>"; };
		79B9ACA31FE14232000E5795 /* SidePanelView.swift */ = {isa = PBXFileReference; lastKnownFileType = sourcecode.swift; name = SidePanelView.swift; path = SidePanel/View/SidePanelView.swift; sourceTree = "<group>"; };
		79B9ACA71FE14232000E5795 /* Emptycell.swift */ = {isa = PBXFileReference; lastKnownFileType = sourcecode.swift; name = Emptycell.swift; path = SidePanel/View/CustomViews/LeftMenuCell/Emptycell.swift; sourceTree = "<group>"; };
		79B9ACA91FE14232000E5795 /* MenuCell.swift */ = {isa = PBXFileReference; lastKnownFileType = sourcecode.swift; name = MenuCell.swift; path = SidePanel/View/CustomViews/LeftMenuCell/MenuCell.swift; sourceTree = "<group>"; };
		79B9ACAB1FE14232000E5795 /* Profilecell.swift */ = {isa = PBXFileReference; lastKnownFileType = sourcecode.swift; name = Profilecell.swift; path = SidePanel/View/CustomViews/LeftMenuCell/Profilecell.swift; sourceTree = "<group>"; };
		79B9ACAE1FE14232000E5795 /* SidePanelWireframe.swift */ = {isa = PBXFileReference; lastKnownFileType = sourcecode.swift; name = SidePanelWireframe.swift; path = SidePanel/Wireframe/SidePanelWireframe.swift; sourceTree = "<group>"; };
		79B9ACB01FE14232000E5795 /* SidePanel.storyboard */ = {isa = PBXFileReference; lastKnownFileType = file.storyboard; name = SidePanel.storyboard; path = SidePanel/SidePanel.storyboard; sourceTree = "<group>"; };
		79B9ACB51FE14232000E5795 /* HomeAPIDataManager.swift */ = {isa = PBXFileReference; lastKnownFileType = sourcecode.swift; name = HomeAPIDataManager.swift; path = Home/DataManager/API/HomeAPIDataManager.swift; sourceTree = "<group>"; };
		79B9ACB71FE14232000E5795 /* HomeLocalDataManager.swift */ = {isa = PBXFileReference; lastKnownFileType = sourcecode.swift; name = HomeLocalDataManager.swift; path = Home/DataManager/Local/HomeLocalDataManager.swift; sourceTree = "<group>"; };
		79B9ACBA1FE14232000E5795 /* HomeInteractor.swift */ = {isa = PBXFileReference; lastKnownFileType = sourcecode.swift; name = HomeInteractor.swift; path = Home/Interactor/HomeInteractor.swift; sourceTree = "<group>"; };
		79B9ACBD1FE14232000E5795 /* HomePresenter.swift */ = {isa = PBXFileReference; lastKnownFileType = sourcecode.swift; name = HomePresenter.swift; path = Home/Presenter/HomePresenter.swift; sourceTree = "<group>"; };
		79B9ACC01FE14232000E5795 /* HomeProtocols.swift */ = {isa = PBXFileReference; lastKnownFileType = sourcecode.swift; name = HomeProtocols.swift; path = Home/Protocols/HomeProtocols.swift; sourceTree = "<group>"; };
		79B9ACC31FE14232000E5795 /* HomeView.swift */ = {isa = PBXFileReference; lastKnownFileType = sourcecode.swift; name = HomeView.swift; path = Home/View/HomeView.swift; sourceTree = "<group>"; };
		79B9ACC61FE14232000E5795 /* HomeWireframe.swift */ = {isa = PBXFileReference; lastKnownFileType = sourcecode.swift; name = HomeWireframe.swift; path = Home/Wireframe/HomeWireframe.swift; sourceTree = "<group>"; };
		79B9ACC81FE14232000E5795 /* Home.storyboard */ = {isa = PBXFileReference; lastKnownFileType = file.storyboard; name = Home.storyboard; path = Home/Home.storyboard; sourceTree = "<group>"; };
		79B9ACCD1FE14232000E5795 /* SettingsAPIDataManager.swift */ = {isa = PBXFileReference; lastKnownFileType = sourcecode.swift; name = SettingsAPIDataManager.swift; path = Settings/DataManager/API/SettingsAPIDataManager.swift; sourceTree = "<group>"; };
		79B9ACD01FE14232000E5795 /* SettingsLocalDataManager.swift */ = {isa = PBXFileReference; lastKnownFileType = sourcecode.swift; name = SettingsLocalDataManager.swift; path = Settings/DataManager/Local/SettingsLocalDataManager.swift; sourceTree = "<group>"; };
		79B9ACD31FE14232000E5795 /* SettingsInteractor.swift */ = {isa = PBXFileReference; lastKnownFileType = sourcecode.swift; name = SettingsInteractor.swift; path = Settings/Interactor/SettingsInteractor.swift; sourceTree = "<group>"; };
		79B9ACD61FE14232000E5795 /* SettingsPresenter.swift */ = {isa = PBXFileReference; lastKnownFileType = sourcecode.swift; name = SettingsPresenter.swift; path = Settings/Presenter/SettingsPresenter.swift; sourceTree = "<group>"; };
		79B9ACD91FE14232000E5795 /* SettingsProtocols.swift */ = {isa = PBXFileReference; lastKnownFileType = sourcecode.swift; name = SettingsProtocols.swift; path = Settings/Protocols/SettingsProtocols.swift; sourceTree = "<group>"; };
		79B9ACDC1FE14232000E5795 /* SettingsView.swift */ = {isa = PBXFileReference; lastKnownFileType = sourcecode.swift; name = SettingsView.swift; path = Settings/View/SettingsView.swift; sourceTree = "<group>"; };
		79B9ACDF1FE14232000E5795 /* SettingsWireframe.swift */ = {isa = PBXFileReference; lastKnownFileType = sourcecode.swift; name = SettingsWireframe.swift; path = Settings/Wireframe/SettingsWireframe.swift; sourceTree = "<group>"; };
		79B9ACE11FE14232000E5795 /* Settings.storyboard */ = {isa = PBXFileReference; lastKnownFileType = file.storyboard; name = Settings.storyboard; path = Settings/Settings.storyboard; sourceTree = "<group>"; };
		79B9ACE31FE14232000E5795 /* AppDependencies.swift */ = {isa = PBXFileReference; lastKnownFileType = sourcecode.swift; name = AppDependencies.swift; path = AppDelegate/AppDependencies.swift; sourceTree = "<group>"; };
		79B9ACE71FE14232000E5795 /* RootWireframe.swift */ = {isa = PBXFileReference; lastKnownFileType = sourcecode.swift; name = RootWireframe.swift; path = Resources/View/RootWireframe.swift; sourceTree = "<group>"; };
		79B9ACEB1FE14232000E5795 /* SlideNavigationController.m */ = {isa = PBXFileReference; lastKnownFileType = sourcecode.c.objc; name = SlideNavigationController.m; path = Resources/View/SideMenu/Source/SlideNavigationController.m; sourceTree = "<group>"; };
		79B9ACED1FE14232000E5795 /* SlideNavigationController.h */ = {isa = PBXFileReference; lastKnownFileType = sourcecode.c.h; name = SlideNavigationController.h; path = Resources/View/SideMenu/Source/SlideNavigationController.h; sourceTree = "<group>"; };
		79B9ACEF1FE14232000E5795 /* menu-button.png */ = {isa = PBXFileReference; lastKnownFileType = image.png; name = "menu-button.png"; path = "Resources/View/SideMenu/Source/Assets/menu-button.png"; sourceTree = "<group>"; };
		79B9ACF11FE14232000E5795 /* menu-button@2x.png */ = {isa = PBXFileReference; lastKnownFileType = image.png; name = "menu-button@2x.png"; path = "Resources/View/SideMenu/Source/Assets/menu-button@2x.png"; sourceTree = "<group>"; };
		79B9ACF41FE14232000E5795 /* SlideNavigationContorllerAnimator.h */ = {isa = PBXFileReference; lastKnownFileType = sourcecode.c.h; name = SlideNavigationContorllerAnimator.h; path = Resources/View/SideMenu/Source/Animations/SlideNavigationContorllerAnimator.h; sourceTree = "<group>"; };
		79B9ACF51FE14232000E5795 /* SlideNavigationContorllerAnimatorFade.h */ = {isa = PBXFileReference; lastKnownFileType = sourcecode.c.h; name = SlideNavigationContorllerAnimatorFade.h; path = Resources/View/SideMenu/Source/Animations/SlideNavigationContorllerAnimatorFade.h; sourceTree = "<group>"; };
		79B9ACF61FE14232000E5795 /* SlideNavigationContorllerAnimatorFade.m */ = {isa = PBXFileReference; lastKnownFileType = sourcecode.c.objc; name = SlideNavigationContorllerAnimatorFade.m; path = Resources/View/SideMenu/Source/Animations/SlideNavigationContorllerAnimatorFade.m; sourceTree = "<group>"; };
		79B9ACF81FE14232000E5795 /* SlideNavigationContorllerAnimatorScale.h */ = {isa = PBXFileReference; lastKnownFileType = sourcecode.c.h; name = SlideNavigationContorllerAnimatorScale.h; path = Resources/View/SideMenu/Source/Animations/SlideNavigationContorllerAnimatorScale.h; sourceTree = "<group>"; };
		79B9ACF91FE14232000E5795 /* SlideNavigationContorllerAnimatorScale.m */ = {isa = PBXFileReference; lastKnownFileType = sourcecode.c.objc; name = SlideNavigationContorllerAnimatorScale.m; path = Resources/View/SideMenu/Source/Animations/SlideNavigationContorllerAnimatorScale.m; sourceTree = "<group>"; };
		79B9ACFB1FE14232000E5795 /* SlideNavigationContorllerAnimatorScaleAndFade.h */ = {isa = PBXFileReference; lastKnownFileType = sourcecode.c.h; name = SlideNavigationContorllerAnimatorScaleAndFade.h; path = Resources/View/SideMenu/Source/Animations/SlideNavigationContorllerAnimatorScaleAndFade.h; sourceTree = "<group>"; };
		79B9ACFC1FE14232000E5795 /* SlideNavigationContorllerAnimatorScaleAndFade.m */ = {isa = PBXFileReference; lastKnownFileType = sourcecode.c.objc; name = SlideNavigationContorllerAnimatorScaleAndFade.m; path = Resources/View/SideMenu/Source/Animations/SlideNavigationContorllerAnimatorScaleAndFade.m; sourceTree = "<group>"; };
		79B9ACFE1FE14232000E5795 /* SlideNavigationContorllerAnimatorSlide.h */ = {isa = PBXFileReference; lastKnownFileType = sourcecode.c.h; name = SlideNavigationContorllerAnimatorSlide.h; path = Resources/View/SideMenu/Source/Animations/SlideNavigationContorllerAnimatorSlide.h; sourceTree = "<group>"; };
		79B9ACFF1FE14232000E5795 /* SlideNavigationContorllerAnimatorSlide.m */ = {isa = PBXFileReference; lastKnownFileType = sourcecode.c.objc; name = SlideNavigationContorllerAnimatorSlide.m; path = Resources/View/SideMenu/Source/Animations/SlideNavigationContorllerAnimatorSlide.m; sourceTree = "<group>"; };
		79B9AD011FE14232000E5795 /* SlideNavigationContorllerAnimatorSlideAndFade.h */ = {isa = PBXFileReference; lastKnownFileType = sourcecode.c.h; name = SlideNavigationContorllerAnimatorSlideAndFade.h; path = Resources/View/SideMenu/Source/Animations/SlideNavigationContorllerAnimatorSlideAndFade.h; sourceTree = "<group>"; };
		79B9AD021FE14232000E5795 /* SlideNavigationContorllerAnimatorSlideAndFade.m */ = {isa = PBXFileReference; lastKnownFileType = sourcecode.c.objc; name = SlideNavigationContorllerAnimatorSlideAndFade.m; path = Resources/View/SideMenu/Source/Animations/SlideNavigationContorllerAnimatorSlideAndFade.m; sourceTree = "<group>"; };
		79B9AD061FE14232000E5795 /* AppEnums.swift */ = {isa = PBXFileReference; lastKnownFileType = sourcecode.swift; name = AppEnums.swift; path = Resources/Util/Enums/AppEnums.swift; sourceTree = "<group>"; };
		79B9AD0A1FE14232000E5795 /* CLLocationCoordinate2D.swift */ = {isa = PBXFileReference; lastKnownFileType = sourcecode.swift; name = CLLocationCoordinate2D.swift; path = Resources/Util/Extensions/Foundation/CLLocationCoordinate2D.swift; sourceTree = "<group>"; };
		79B9AD0C1FE14232000E5795 /* Double.swift */ = {isa = PBXFileReference; lastKnownFileType = sourcecode.swift; name = Double.swift; path = Resources/Util/Extensions/Foundation/Double.swift; sourceTree = "<group>"; };
		79B9AD0E1FE14232000E5795 /* Notification.swift */ = {isa = PBXFileReference; lastKnownFileType = sourcecode.swift; name = Notification.swift; path = Resources/Util/Extensions/Foundation/Notification.swift; sourceTree = "<group>"; };
		79B9AD101FE14232000E5795 /* Sequence.swift */ = {isa = PBXFileReference; lastKnownFileType = sourcecode.swift; name = Sequence.swift; path = Resources/Util/Extensions/Foundation/Sequence.swift; sourceTree = "<group>"; };
		79B9AD121FE14232000E5795 /* String.swift */ = {isa = PBXFileReference; lastKnownFileType = sourcecode.swift; name = String.swift; path = Resources/Util/Extensions/Foundation/String.swift; sourceTree = "<group>"; };
		79B9AD161FE14232000E5795 /* UILayout.swift */ = {isa = PBXFileReference; lastKnownFileType = sourcecode.swift; name = UILayout.swift; path = Resources/Util/Extensions/UIKit/Autolayout/UILayout.swift; sourceTree = "<group>"; };
		79B9AD181FE14232000E5795 /* UIViewAutolayout.swift */ = {isa = PBXFileReference; lastKnownFileType = sourcecode.swift; name = UIViewAutolayout.swift; path = Resources/Util/Extensions/UIKit/Autolayout/UIViewAutolayout.swift; sourceTree = "<group>"; };
		79B9AD1A1FE14232000E5795 /* UICollectionView.swift */ = {isa = PBXFileReference; lastKnownFileType = sourcecode.swift; name = UICollectionView.swift; path = Resources/Util/Extensions/UIKit/UICollectionView.swift; sourceTree = "<group>"; };
		79B9AD1C1FE14232000E5795 /* UICollectionViewCell.swift */ = {isa = PBXFileReference; lastKnownFileType = sourcecode.swift; name = UICollectionViewCell.swift; path = Resources/Util/Extensions/UIKit/UICollectionViewCell.swift; sourceTree = "<group>"; };
		79B9AD1E1FE14232000E5795 /* UIColor.swift */ = {isa = PBXFileReference; lastKnownFileType = sourcecode.swift; name = UIColor.swift; path = Resources/Util/Extensions/UIKit/UIColor.swift; sourceTree = "<group>"; };
		79B9AD201FE14232000E5795 /* UIDevice.swift */ = {isa = PBXFileReference; lastKnownFileType = sourcecode.swift; name = UIDevice.swift; path = Resources/Util/Extensions/UIKit/UIDevice.swift; sourceTree = "<group>"; };
		79B9AD221FE14232000E5795 /* UILabel.swift */ = {isa = PBXFileReference; lastKnownFileType = sourcecode.swift; name = UILabel.swift; path = Resources/Util/Extensions/UIKit/UILabel.swift; sourceTree = "<group>"; };
		79B9AD241FE14232000E5795 /* UIStoryboard.swift */ = {isa = PBXFileReference; lastKnownFileType = sourcecode.swift; name = UIStoryboard.swift; path = Resources/Util/Extensions/UIKit/UIStoryboard.swift; sourceTree = "<group>"; };
		79B9AD261FE14232000E5795 /* UIView.swift */ = {isa = PBXFileReference; lastKnownFileType = sourcecode.swift; name = UIView.swift; path = Resources/Util/Extensions/UIKit/UIView.swift; sourceTree = "<group>"; };
		79B9AD281FE14232000E5795 /* UIVIewController.swift */ = {isa = PBXFileReference; lastKnownFileType = sourcecode.swift; name = UIVIewController.swift; path = Resources/Util/Extensions/UIKit/UIVIewController.swift; sourceTree = "<group>"; };
		79B9AD2A1FE14232000E5795 /* UIWindow.swift */ = {isa = PBXFileReference; lastKnownFileType = sourcecode.swift; name = UIWindow.swift; path = Resources/Util/Extensions/UIKit/UIWindow.swift; sourceTree = "<group>"; };
		79B9AD2E1FE14232000E5795 /* Storyboard.swift */ = {isa = PBXFileReference; lastKnownFileType = sourcecode.swift; name = Storyboard.swift; path = UI/Storyboards/Storyboard.swift; sourceTree = "<group>"; };
		79B9AD311FE14232000E5795 /* ViperSampleApp-Bridging-Header.h */ = {isa = PBXFileReference; lastKnownFileType = sourcecode.c.h; name = "ViperSampleApp-Bridging-Header.h"; path = "SupportingFiles/ViperSampleApp-Bridging-Header.h"; sourceTree = "<group>"; };
		79B9AD331FE14232000E5795 /* Base */ = {isa = PBXFileReference; lastKnownFileType = file.storyboard; name = Base; path = Base.lproj/Main.storyboard; sourceTree = "<group>"; };
		79B9AD351FE14232000E5795 /* Assets.xcassets */ = {isa = PBXFileReference; lastKnownFileType = folder.assetcatalog; path = Assets.xcassets; sourceTree = "<group>"; };
		79B9AD381FE14232000E5795 /* Base */ = {isa = PBXFileReference; lastKnownFileType = file.storyboard; name = Base; path = Base.lproj/LaunchScreen.storyboard; sourceTree = "<group>"; };
		79B9AD3A1FE14232000E5795 /* Info.plist */ = {isa = PBXFileReference; lastKnownFileType = text.plist.xml; path = Info.plist; sourceTree = "<group>"; };
/* End PBXFileReference section */

/* Begin PBXFrameworksBuildPhase section */
		79B9AC6D1FE14232000E5795 /* Frameworks */ = {
			isa = PBXFrameworksBuildPhase;
			buildActionMask = 2147483647;
			files = (
			);
			runOnlyForDeploymentPostprocessing = 0;
		};
/* End PBXFrameworksBuildPhase section */

/* Begin PBXGroup section */
		7902DDEB20035D5000F60900 /* Test */ = {
			isa = PBXGroup;
			children = (
				7902DDFD20035D6400F60900 /* DataManager */,
				7902DE0420035D6400F60900 /* Interactor */,
				7902DE0620035D6400F60900 /* Presenter */,
				7902DDFA20035D6400F60900 /* Protocols */,
				7902DDFC20035D6400F60900 /* Test.storyboard */,
				7902DE0820035D6500F60900 /* View */,
				7902DE0220035D6400F60900 /* Wireframe */,
			);
			path = Test;
			sourceTree = "<group>";
		};
		7902DDFA20035D6400F60900 /* Protocols */ = {
			isa = PBXGroup;
			children = (
				7902DDFB20035D6400F60900 /* TestProtocols.swift */,
			);
			path = Protocols;
			sourceTree = "<group>";
		};
		7902DDFD20035D6400F60900 /* DataManager */ = {
			isa = PBXGroup;
			children = (
				7902DDFE20035D6400F60900 /* API */,
				7902DE0020035D6400F60900 /* Local */,
			);
			path = DataManager;
			sourceTree = "<group>";
		};
		7902DDFE20035D6400F60900 /* API */ = {
			isa = PBXGroup;
			children = (
				7902DDFF20035D6400F60900 /* TestAPIDataManager.swift */,
			);
			path = API;
			sourceTree = "<group>";
		};
		7902DE0020035D6400F60900 /* Local */ = {
			isa = PBXGroup;
			children = (
				7902DE0120035D6400F60900 /* TestLocalDataManager.swift */,
			);
			path = Local;
			sourceTree = "<group>";
		};
		7902DE0220035D6400F60900 /* Wireframe */ = {
			isa = PBXGroup;
			children = (
				7902DE0320035D6400F60900 /* TestWireframe.swift */,
			);
			path = Wireframe;
			sourceTree = "<group>";
		};
		7902DE0420035D6400F60900 /* Interactor */ = {
			isa = PBXGroup;
			children = (
				7902DE0520035D6400F60900 /* TestInteractor.swift */,
			);
			path = Interactor;
			sourceTree = "<group>";
		};
		7902DE0620035D6400F60900 /* Presenter */ = {
			isa = PBXGroup;
			children = (
				7902DE0720035D6400F60900 /* TestPresenter.swift */,
			);
			path = Presenter;
			sourceTree = "<group>";
		};
		7902DE0820035D6500F60900 /* View */ = {
			isa = PBXGroup;
			children = (
				7902DE0920035D6500F60900 /* TestView.swift */,
			);
			path = View;
			sourceTree = "<group>";
		};
		79B9AC671FE14232000E5795 = {
			isa = PBXGroup;
			children = (
				79B9AC721FE14232000E5795 /* ViperSampleApp */,
				79B9AC711FE14232000E5795 /* Products */,
			);
			sourceTree = "<group>";
		};
		79B9AC711FE14232000E5795 /* Products */ = {
			isa = PBXGroup;
			children = (
				79B9AC701FE14232000E5795 /* ViperSampleApp.app */,
			);
			name = Products;
			sourceTree = "<group>";
		};
		79B9AC721FE14232000E5795 /* ViperSampleApp */ = {
			isa = PBXGroup;
			children = (
				79B9AC761FE14232000E5795 /* ViewController.swift */,
				79B9AD321FE14232000E5795 /* Main.storyboard */,
				79B9AD351FE14232000E5795 /* Assets.xcassets */,
				79B9AD371FE14232000E5795 /* LaunchScreen.storyboard */,
				79B9AD3A1FE14232000E5795 /* Info.plist */,
				7902DDEB20035D5000F60900 /* Test */,
				79B9AC731FE14232000E5795 /* AppDelegate */,
				79B9AC781FE14232000E5795 /* Login */,
				79B9AC911FE14232000E5795 /* SidePanel */,
				79B9ACB21FE14232000E5795 /* Home */,
				79B9ACCA1FE14232000E5795 /* Settings */,
				79B9ACE51FE14232000E5795 /* Resources */,
				79B9AD2C1FE14232000E5795 /* UI */,
				79B9AD301FE14232000E5795 /* SupportingFiles */,
			);
			path = ViperSampleApp;
			sourceTree = "<group>";
		};
		79B9AC731FE14232000E5795 /* AppDelegate */ = {
			isa = PBXGroup;
			children = (
				79B9AC741FE14232000E5795 /* AppDelegate.swift */,
				79B9ACE31FE14232000E5795 /* AppDependencies.swift */,
			);
			name = AppDelegate;
			sourceTree = "<group>";
		};
		79B9AC781FE14232000E5795 /* Login */ = {
			isa = PBXGroup;
			children = (
				79B9AC8F1FE14232000E5795 /* Login.storyboard */,
				79B9AC791FE14232000E5795 /* DataManager */,
				79B9AC801FE14232000E5795 /* Interactor */,
				79B9AC831FE14232000E5795 /* Presenter */,
				79B9AC861FE14232000E5795 /* Protocols */,
				79B9AC891FE14232000E5795 /* View */,
				79B9AC8C1FE14232000E5795 /* Wireframe */,
			);
			name = Login;
			sourceTree = "<group>";
		};
		79B9AC791FE14232000E5795 /* DataManager */ = {
			isa = PBXGroup;
			children = (
				79B9AC7A1FE14232000E5795 /* API */,
				79B9AC7D1FE14232000E5795 /* Local */,
			);
			name = DataManager;
			sourceTree = "<group>";
		};
		79B9AC7A1FE14232000E5795 /* API */ = {
			isa = PBXGroup;
			children = (
				79B9AC7B1FE14232000E5795 /* LoginAPIDataManager.swift */,
			);
			name = API;
			sourceTree = "<group>";
		};
		79B9AC7D1FE14232000E5795 /* Local */ = {
			isa = PBXGroup;
			children = (
				79B9AC7E1FE14232000E5795 /* LoginLocalDataManager.swift */,
			);
			name = Local;
			sourceTree = "<group>";
		};
		79B9AC801FE14232000E5795 /* Interactor */ = {
			isa = PBXGroup;
			children = (
				79B9AC811FE14232000E5795 /* LoginInteractor.swift */,
			);
			name = Interactor;
			sourceTree = "<group>";
		};
		79B9AC831FE14232000E5795 /* Presenter */ = {
			isa = PBXGroup;
			children = (
				79B9AC841FE14232000E5795 /* LoginPresenter.swift */,
			);
			name = Presenter;
			sourceTree = "<group>";
		};
		79B9AC861FE14232000E5795 /* Protocols */ = {
			isa = PBXGroup;
			children = (
				79B9AC871FE14232000E5795 /* LoginProtocols.swift */,
			);
			name = Protocols;
			sourceTree = "<group>";
		};
		79B9AC891FE14232000E5795 /* View */ = {
			isa = PBXGroup;
			children = (
				79B9AC8A1FE14232000E5795 /* LoginView.swift */,
			);
			name = View;
			sourceTree = "<group>";
		};
		79B9AC8C1FE14232000E5795 /* Wireframe */ = {
			isa = PBXGroup;
			children = (
				79B9AC8D1FE14232000E5795 /* LoginWireframe.swift */,
			);
			name = Wireframe;
			sourceTree = "<group>";
		};
		79B9AC911FE14232000E5795 /* SidePanel */ = {
			isa = PBXGroup;
			children = (
				79B9ACB01FE14232000E5795 /* SidePanel.storyboard */,
				79B9AC921FE14232000E5795 /* DataManager */,
				79B9AC991FE14232000E5795 /* Interactor */,
				79B9AC9C1FE14232000E5795 /* Presenter */,
				79B9AC9F1FE14232000E5795 /* Protocols */,
				79B9ACA21FE14232000E5795 /* View */,
				79B9ACAD1FE14232000E5795 /* Wireframe */,
			);
			name = SidePanel;
			sourceTree = "<group>";
		};
		79B9AC921FE14232000E5795 /* DataManager */ = {
			isa = PBXGroup;
			children = (
				79B9AC931FE14232000E5795 /* API */,
				79B9AC961FE14232000E5795 /* Local */,
			);
			name = DataManager;
			sourceTree = "<group>";
		};
		79B9AC931FE14232000E5795 /* API */ = {
			isa = PBXGroup;
			children = (
				79B9AC941FE14232000E5795 /* SidePanelAPIDataManager.swift */,
			);
			name = API;
			sourceTree = "<group>";
		};
		79B9AC961FE14232000E5795 /* Local */ = {
			isa = PBXGroup;
			children = (
				79B9AC971FE14232000E5795 /* SidePanelLocalDataManager.swift */,
			);
			name = Local;
			sourceTree = "<group>";
		};
		79B9AC991FE14232000E5795 /* Interactor */ = {
			isa = PBXGroup;
			children = (
				79B9AC9A1FE14232000E5795 /* SidePanelInteractor.swift */,
			);
			name = Interactor;
			sourceTree = "<group>";
		};
		79B9AC9C1FE14232000E5795 /* Presenter */ = {
			isa = PBXGroup;
			children = (
				79B9AC9D1FE14232000E5795 /* SidePanelPresenter.swift */,
			);
			name = Presenter;
			sourceTree = "<group>";
		};
		79B9AC9F1FE14232000E5795 /* Protocols */ = {
			isa = PBXGroup;
			children = (
				79B9ACA01FE14232000E5795 /* SidePanelProtocols.swift */,
			);
			name = Protocols;
			sourceTree = "<group>";
		};
		79B9ACA21FE14232000E5795 /* View */ = {
			isa = PBXGroup;
			children = (
				79B9ACA31FE14232000E5795 /* SidePanelView.swift */,
				79B9ACA51FE14232000E5795 /* CustomViews */,
			);
			name = View;
			sourceTree = "<group>";
		};
		79B9ACA51FE14232000E5795 /* CustomViews */ = {
			isa = PBXGroup;
			children = (
				79B9ACA61FE14232000E5795 /* LeftMenuCell */,
			);
			name = CustomViews;
			sourceTree = "<group>";
		};
		79B9ACA61FE14232000E5795 /* LeftMenuCell */ = {
			isa = PBXGroup;
			children = (
				79B9ACA71FE14232000E5795 /* Emptycell.swift */,
				79B9ACA91FE14232000E5795 /* MenuCell.swift */,
				79B9ACAB1FE14232000E5795 /* Profilecell.swift */,
			);
			name = LeftMenuCell;
			sourceTree = "<group>";
		};
		79B9ACAD1FE14232000E5795 /* Wireframe */ = {
			isa = PBXGroup;
			children = (
				79B9ACAE1FE14232000E5795 /* SidePanelWireframe.swift */,
			);
			name = Wireframe;
			sourceTree = "<group>";
		};
		79B9ACB21FE14232000E5795 /* Home */ = {
			isa = PBXGroup;
			children = (
				79B9ACC81FE14232000E5795 /* Home.storyboard */,
				79B9ACB31FE14232000E5795 /* DataManager */,
				79B9ACB91FE14232000E5795 /* Interactor */,
				79B9ACBC1FE14232000E5795 /* Presenter */,
				79B9ACBF1FE14232000E5795 /* Protocols */,
				79B9ACC21FE14232000E5795 /* View */,
				79B9ACC51FE14232000E5795 /* Wireframe */,
			);
			name = Home;
			sourceTree = "<group>";
		};
		79B9ACB31FE14232000E5795 /* DataManager */ = {
			isa = PBXGroup;
			children = (
				79B9ACB41FE14232000E5795 /* API */,
			);
			name = DataManager;
			sourceTree = "<group>";
		};
		79B9ACB41FE14232000E5795 /* API */ = {
			isa = PBXGroup;
			children = (
				79B9ACB51FE14232000E5795 /* HomeAPIDataManager.swift */,
				79B9ACB71FE14232000E5795 /* HomeLocalDataManager.swift */,
			);
			name = API;
			sourceTree = "<group>";
		};
		79B9ACB91FE14232000E5795 /* Interactor */ = {
			isa = PBXGroup;
			children = (
				79B9ACBA1FE14232000E5795 /* HomeInteractor.swift */,
			);
			name = Interactor;
			sourceTree = "<group>";
		};
		79B9ACBC1FE14232000E5795 /* Presenter */ = {
			isa = PBXGroup;
			children = (
				79B9ACBD1FE14232000E5795 /* HomePresenter.swift */,
			);
			name = Presenter;
			sourceTree = "<group>";
		};
		79B9ACBF1FE14232000E5795 /* Protocols */ = {
			isa = PBXGroup;
			children = (
				79B9ACC01FE14232000E5795 /* HomeProtocols.swift */,
			);
			name = Protocols;
			sourceTree = "<group>";
		};
		79B9ACC21FE14232000E5795 /* View */ = {
			isa = PBXGroup;
			children = (
				79B9ACC31FE14232000E5795 /* HomeView.swift */,
			);
			name = View;
			sourceTree = "<group>";
		};
		79B9ACC51FE14232000E5795 /* Wireframe */ = {
			isa = PBXGroup;
			children = (
				79B9ACC61FE14232000E5795 /* HomeWireframe.swift */,
			);
			name = Wireframe;
			sourceTree = "<group>";
		};
		79B9ACCA1FE14232000E5795 /* Settings */ = {
			isa = PBXGroup;
			children = (
				79B9ACE11FE14232000E5795 /* Settings.storyboard */,
				79B9ACCB1FE14232000E5795 /* DataManager */,
				79B9ACD21FE14232000E5795 /* Interactor */,
				79B9ACD51FE14232000E5795 /* Presenter */,
				79B9ACD81FE14232000E5795 /* Protocols */,
				79B9ACDB1FE14232000E5795 /* View */,
				79B9ACDE1FE14232000E5795 /* Wireframe */,
			);
			name = Settings;
			sourceTree = "<group>";
		};
		79B9ACCB1FE14232000E5795 /* DataManager */ = {
			isa = PBXGroup;
			children = (
				79B9ACCC1FE14232000E5795 /* API */,
				79B9ACCF1FE14232000E5795 /* Local */,
			);
			name = DataManager;
			sourceTree = "<group>";
		};
		79B9ACCC1FE14232000E5795 /* API */ = {
			isa = PBXGroup;
			children = (
				79B9ACCD1FE14232000E5795 /* SettingsAPIDataManager.swift */,
			);
			name = API;
			sourceTree = "<group>";
		};
		79B9ACCF1FE14232000E5795 /* Local */ = {
			isa = PBXGroup;
			children = (
				79B9ACD01FE14232000E5795 /* SettingsLocalDataManager.swift */,
			);
			name = Local;
			sourceTree = "<group>";
		};
		79B9ACD21FE14232000E5795 /* Interactor */ = {
			isa = PBXGroup;
			children = (
				79B9ACD31FE14232000E5795 /* SettingsInteractor.swift */,
			);
			name = Interactor;
			sourceTree = "<group>";
		};
		79B9ACD51FE14232000E5795 /* Presenter */ = {
			isa = PBXGroup;
			children = (
				79B9ACD61FE14232000E5795 /* SettingsPresenter.swift */,
			);
			name = Presenter;
			sourceTree = "<group>";
		};
		79B9ACD81FE14232000E5795 /* Protocols */ = {
			isa = PBXGroup;
			children = (
				79B9ACD91FE14232000E5795 /* SettingsProtocols.swift */,
			);
			name = Protocols;
			sourceTree = "<group>";
		};
		79B9ACDB1FE14232000E5795 /* View */ = {
			isa = PBXGroup;
			children = (
				79B9ACDC1FE14232000E5795 /* SettingsView.swift */,
			);
			name = View;
			sourceTree = "<group>";
		};
		79B9ACDE1FE14232000E5795 /* Wireframe */ = {
			isa = PBXGroup;
			children = (
				79B9ACDF1FE14232000E5795 /* SettingsWireframe.swift */,
			);
			name = Wireframe;
			sourceTree = "<group>";
		};
		79B9ACE51FE14232000E5795 /* Resources */ = {
			isa = PBXGroup;
			children = (
				79B9ACE61FE14232000E5795 /* View */,
				79B9AD041FE14232000E5795 /* Util */,
			);
			name = Resources;
			sourceTree = "<group>";
		};
		79B9ACE61FE14232000E5795 /* View */ = {
			isa = PBXGroup;
			children = (
				79B9ACE71FE14232000E5795 /* RootWireframe.swift */,
				79B9ACE91FE14232000E5795 /* SideMenu */,
			);
			name = View;
			sourceTree = "<group>";
		};
		79B9ACE91FE14232000E5795 /* SideMenu */ = {
			isa = PBXGroup;
			children = (
				79B9ACEA1FE14232000E5795 /* Source */,
			);
			name = SideMenu;
			sourceTree = "<group>";
		};
		79B9ACEA1FE14232000E5795 /* Source */ = {
			isa = PBXGroup;
			children = (
				79B9ACEB1FE14232000E5795 /* SlideNavigationController.m */,
				79B9ACED1FE14232000E5795 /* SlideNavigationController.h */,
				79B9ACEE1FE14232000E5795 /* Assets */,
				79B9ACF31FE14232000E5795 /* Animations */,
			);
			name = Source;
			sourceTree = "<group>";
		};
		79B9ACEE1FE14232000E5795 /* Assets */ = {
			isa = PBXGroup;
			children = (
				79B9ACEF1FE14232000E5795 /* menu-button.png */,
				79B9ACF11FE14232000E5795 /* menu-button@2x.png */,
			);
			name = Assets;
			sourceTree = "<group>";
		};
		79B9ACF31FE14232000E5795 /* Animations */ = {
			isa = PBXGroup;
			children = (
				79B9ACF41FE14232000E5795 /* SlideNavigationContorllerAnimator.h */,
				79B9ACF51FE14232000E5795 /* SlideNavigationContorllerAnimatorFade.h */,
				79B9ACF61FE14232000E5795 /* SlideNavigationContorllerAnimatorFade.m */,
				79B9ACF81FE14232000E5795 /* SlideNavigationContorllerAnimatorScale.h */,
				79B9ACF91FE14232000E5795 /* SlideNavigationContorllerAnimatorScale.m */,
				79B9ACFB1FE14232000E5795 /* SlideNavigationContorllerAnimatorScaleAndFade.h */,
				79B9ACFC1FE14232000E5795 /* SlideNavigationContorllerAnimatorScaleAndFade.m */,
				79B9ACFE1FE14232000E5795 /* SlideNavigationContorllerAnimatorSlide.h */,
				79B9ACFF1FE14232000E5795 /* SlideNavigationContorllerAnimatorSlide.m */,
				79B9AD011FE14232000E5795 /* SlideNavigationContorllerAnimatorSlideAndFade.h */,
				79B9AD021FE14232000E5795 /* SlideNavigationContorllerAnimatorSlideAndFade.m */,
			);
			name = Animations;
			sourceTree = "<group>";
		};
		79B9AD041FE14232000E5795 /* Util */ = {
			isa = PBXGroup;
			children = (
				79B9AD051FE14232000E5795 /* Enums */,
				79B9AD081FE14232000E5795 /* Extensions */,
			);
			name = Util;
			sourceTree = "<group>";
		};
		79B9AD051FE14232000E5795 /* Enums */ = {
			isa = PBXGroup;
			children = (
				79B9AD061FE14232000E5795 /* AppEnums.swift */,
			);
			name = Enums;
			sourceTree = "<group>";
		};
		79B9AD081FE14232000E5795 /* Extensions */ = {
			isa = PBXGroup;
			children = (
				79B9AD091FE14232000E5795 /* Foundation */,
				79B9AD141FE14232000E5795 /* UIKit */,
			);
			name = Extensions;
			sourceTree = "<group>";
		};
		79B9AD091FE14232000E5795 /* Foundation */ = {
			isa = PBXGroup;
			children = (
				79B9AD0A1FE14232000E5795 /* CLLocationCoordinate2D.swift */,
				79B9AD0C1FE14232000E5795 /* Double.swift */,
				79B9AD0E1FE14232000E5795 /* Notification.swift */,
				79B9AD101FE14232000E5795 /* Sequence.swift */,
				79B9AD121FE14232000E5795 /* String.swift */,
			);
			name = Foundation;
			sourceTree = "<group>";
		};
		79B9AD141FE14232000E5795 /* UIKit */ = {
			isa = PBXGroup;
			children = (
				79B9AD1A1FE14232000E5795 /* UICollectionView.swift */,
				79B9AD1C1FE14232000E5795 /* UICollectionViewCell.swift */,
				79B9AD1E1FE14232000E5795 /* UIColor.swift */,
				79B9AD201FE14232000E5795 /* UIDevice.swift */,
				79B9AD221FE14232000E5795 /* UILabel.swift */,
				79B9AD241FE14232000E5795 /* UIStoryboard.swift */,
				79B9AD261FE14232000E5795 /* UIView.swift */,
				79B9AD281FE14232000E5795 /* UIVIewController.swift */,
				79B9AD2A1FE14232000E5795 /* UIWindow.swift */,
				79B9AD151FE14232000E5795 /* Autolayout */,
			);
			name = UIKit;
			sourceTree = "<group>";
		};
		79B9AD151FE14232000E5795 /* Autolayout */ = {
			isa = PBXGroup;
			children = (
				79B9AD161FE14232000E5795 /* UILayout.swift */,
				79B9AD181FE14232000E5795 /* UIViewAutolayout.swift */,
			);
			name = Autolayout;
			sourceTree = "<group>";
		};
		79B9AD2C1FE14232000E5795 /* UI */ = {
			isa = PBXGroup;
			children = (
				79B9AD2D1FE14232000E5795 /* Storyboards */,
			);
			name = UI;
			sourceTree = "<group>";
		};
		79B9AD2D1FE14232000E5795 /* Storyboards */ = {
			isa = PBXGroup;
			children = (
				79B9AD2E1FE14232000E5795 /* Storyboard.swift */,
			);
			name = Storyboards;
			sourceTree = "<group>";
		};
		79B9AD301FE14232000E5795 /* SupportingFiles */ = {
			isa = PBXGroup;
			children = (
				79B9AD311FE14232000E5795 /* ViperSampleApp-Bridging-Header.h */,
			);
			name = SupportingFiles;
			sourceTree = "<group>";
		};
/* End PBXGroup section */

/* Begin PBXNativeTarget section */
		79B9AC6F1FE14232000E5795 /* ViperSampleApp */ = {
			isa = PBXNativeTarget;
			buildConfigurationList = 79B9AD3D1FE14232000E5795 /* Build configuration list for PBXNativeTarget "ViperSampleApp" */;
			buildPhases = (
				79B9AC6C1FE14232000E5795 /* Sources */,
				79B9AC6D1FE14232000E5795 /* Frameworks */,
				79B9AC6E1FE14232000E5795 /* Resources */,
			);
			buildRules = (
			);
			dependencies = (
			);
			name = ViperSampleApp;
			productName = ViperSampleApp;
			productReference = 79B9AC701FE14232000E5795 /* ViperSampleApp.app */;
			productType = "com.apple.product-type.application";
		};
/* End PBXNativeTarget section */

/* Begin PBXProject section */
		79B9AC681FE14232000E5795 /* Project object */ = {
			isa = PBXProject;
			attributes = {
				LastSwiftUpdateCheck = 0910;
				LastUpgradeCheck = 0910;
				ORGANIZATIONNAME = Innofied;
				TargetAttributes = {
					79B9AC6F1FE14232000E5795 = {
						CreatedOnToolsVersion = 9.1;
						ProvisioningStyle = Automatic;
					};
				};
			};
			buildConfigurationList = 79B9AC6B1FE14232000E5795 /* Build configuration list for PBXProject "ViperSampleApp" */;
			compatibilityVersion = "Xcode 8.0";
			developmentRegion = en;
			hasScannedForEncodings = 0;
			knownRegions = (
				en,
				Base,
			);
			mainGroup = 79B9AC671FE14232000E5795;
			productRefGroup = 79B9AC711FE14232000E5795 /* Products */;
			projectDirPath = "";
			projectRoot = "";
			targets = (
				79B9AC6F1FE14232000E5795 /* ViperSampleApp */,
			);
		};
/* End PBXProject section */

/* Begin PBXResourcesBuildPhase section */
		79B9AC6E1FE14232000E5795 /* Resources */ = {
			isa = PBXResourcesBuildPhase;
			buildActionMask = 2147483647;
			files = (
				79B9AD391FE14232000E5795 /* LaunchScreen.storyboard in Resources */,
				79B9AD341FE14232000E5795 /* Main.storyboard in Resources */,
				79B9ACC91FE14232000E5795 /* Home.storyboard in Resources */,
				79B9ACF01FE14232000E5795 /* menu-button.png in Resources */,
				7902DE0B20035D6500F60900 /* Test.storyboard in Resources */,
				79B9ACB11FE14232000E5795 /* SidePanel.storyboard in Resources */,
				79B9AC901FE14232000E5795 /* Login.storyboard in Resources */,
				79B9ACE21FE14232000E5795 /* Settings.storyboard in Resources */,
				79B9AD361FE14232000E5795 /* Assets.xcassets in Resources */,
				79B9ACF21FE14232000E5795 /* menu-button@2x.png in Resources */,
			);
			runOnlyForDeploymentPostprocessing = 0;
		};
/* End PBXResourcesBuildPhase section */

/* Begin PBXSourcesBuildPhase section */
		79B9AC6C1FE14232000E5795 /* Sources */ = {
			isa = PBXSourcesBuildPhase;
			buildActionMask = 2147483647;
			files = (
				79B9AD1B1FE14232000E5795 /* UICollectionView.swift in Sources */,
				79B9AD2F1FE14232000E5795 /* Storyboard.swift in Sources */,
				79B9AC9B1FE14232000E5795 /* SidePanelInteractor.swift in Sources */,
				79B9ACDA1FE14232000E5795 /* SettingsProtocols.swift in Sources */,
				79B9ACBB1FE14232000E5795 /* HomeInteractor.swift in Sources */,
				79B9AD231FE14232000E5795 /* UILabel.swift in Sources */,
				7902DE0C20035D6500F60900 /* TestAPIDataManager.swift in Sources */,
				79B9ACBE1FE14232000E5795 /* HomePresenter.swift in Sources */,
				79B9AD211FE14232000E5795 /* UIDevice.swift in Sources */,
				79B9AD031FE14232000E5795 /* SlideNavigationContorllerAnimatorSlideAndFade.m in Sources */,
				79B9ACC41FE14232000E5795 /* HomeView.swift in Sources */,
				79B9AD0B1FE14232000E5795 /* CLLocationCoordinate2D.swift in Sources */,
				79B9AC981FE14232000E5795 /* SidePanelLocalDataManager.swift in Sources */,
				79B9AD251FE14232000E5795 /* UIStoryboard.swift in Sources */,
				79B9AD1F1FE14232000E5795 /* UIColor.swift in Sources */,
				79B9AD2B1FE14232000E5795 /* UIWindow.swift in Sources */,
				7902DE0A20035D6500F60900 /* TestProtocols.swift in Sources */,
				79B9ACC11FE14232000E5795 /* HomeProtocols.swift in Sources */,
				79B9AC851FE14232000E5795 /* LoginPresenter.swift in Sources */,
				79B9ACE41FE14232000E5795 /* AppDependencies.swift in Sources */,
				79B9AD0F1FE14232000E5795 /* Notification.swift in Sources */,
				79B9AD191FE14232000E5795 /* UIViewAutolayout.swift in Sources */,
				79B9AD071FE14232000E5795 /* AppEnums.swift in Sources */,
				79B9AC881FE14232000E5795 /* LoginProtocols.swift in Sources */,
				7902DE1120035D6500F60900 /* TestView.swift in Sources */,
				79B9ACFD1FE14232000E5795 /* SlideNavigationContorllerAnimatorScaleAndFade.m in Sources */,
				79B9AC951FE14232000E5795 /* SidePanelAPIDataManager.swift in Sources */,
				79B9AD001FE14232000E5795 /* SlideNavigationContorllerAnimatorSlide.m in Sources */,
				79B9AC7C1FE14232000E5795 /* LoginAPIDataManager.swift in Sources */,
				79B9AD271FE14232000E5795 /* UIView.swift in Sources */,
				79B9AD1D1FE14232000E5795 /* UICollectionViewCell.swift in Sources */,
				79B9AC771FE14232000E5795 /* ViewController.swift in Sources */,
				79B9ACD41FE14232000E5795 /* SettingsInteractor.swift in Sources */,
				79B9AC751FE14232000E5795 /* AppDelegate.swift in Sources */,
				79B9AD171FE14232000E5795 /* UILayout.swift in Sources */,
				7902DE0E20035D6500F60900 /* TestWireframe.swift in Sources */,
				79B9ACB81FE14232000E5795 /* HomeLocalDataManager.swift in Sources */,
				7902DE0D20035D6500F60900 /* TestLocalDataManager.swift in Sources */,
				79B9AC8E1FE14232000E5795 /* LoginWireframe.swift in Sources */,
				79B9ACAC1FE14232000E5795 /* Profilecell.swift in Sources */,
				79B9AD111FE14232000E5795 /* Sequence.swift in Sources */,
				79B9ACA81FE14232000E5795 /* Emptycell.swift in Sources */,
				79B9ACCE1FE14232000E5795 /* SettingsAPIDataManager.swift in Sources */,
				7902DE1020035D6500F60900 /* TestPresenter.swift in Sources */,
				7902DE0F20035D6500F60900 /* TestInteractor.swift in Sources */,
				79B9AC9E1FE14232000E5795 /* SidePanelPresenter.swift in Sources */,
				79B9AD291FE14232000E5795 /* UIVIewController.swift in Sources */,
				79B9ACC71FE14232000E5795 /* HomeWireframe.swift in Sources */,
				79B9AC821FE14232000E5795 /* LoginInteractor.swift in Sources */,
				79B9ACA11FE14232000E5795 /* SidePanelProtocols.swift in Sources */,
				79B9AC8B1FE14232000E5795 /* LoginView.swift in Sources */,
				79B9AC7F1FE14232000E5795 /* LoginLocalDataManager.swift in Sources */,
				79B9ACDD1FE14232000E5795 /* SettingsView.swift in Sources */,
				79B9ACEC1FE14232000E5795 /* SlideNavigationController.m in Sources */,
				79B9ACF71FE14232000E5795 /* SlideNavigationContorllerAnimatorFade.m in Sources */,
				79B9ACAA1FE14232000E5795 /* MenuCell.swift in Sources */,
				79B9ACA41FE14232000E5795 /* SidePanelView.swift in Sources */,
				79B9ACAF1FE14232000E5795 /* SidePanelWireframe.swift in Sources */,
				79B9ACE81FE14232000E5795 /* RootWireframe.swift in Sources */,
				79B9ACFA1FE14232000E5795 /* SlideNavigationContorllerAnimatorScale.m in Sources */,
				79B9ACE01FE14232000E5795 /* SettingsWireframe.swift in Sources */,
				79B9ACD11FE14232000E5795 /* SettingsLocalDataManager.swift in Sources */,
				79B9ACB61FE14232000E5795 /* HomeAPIDataManager.swift in Sources */,
				79B9AD0D1FE14232000E5795 /* Double.swift in Sources */,
				79B9ACD71FE14232000E5795 /* SettingsPresenter.swift in Sources */,
				79B9AD131FE14232000E5795 /* String.swift in Sources */,
			);
			runOnlyForDeploymentPostprocessing = 0;
		};
/* End PBXSourcesBuildPhase section */

/* Begin PBXVariantGroup section */
		79B9AD321FE14232000E5795 /* Main.storyboard */ = {
			isa = PBXVariantGroup;
			children = (
				79B9AD331FE14232000E5795 /* Base */,
			);
			name = Main.storyboard;
			sourceTree = "<group>";
		};
		79B9AD371FE14232000E5795 /* LaunchScreen.storyboard */ = {
			isa = PBXVariantGroup;
			children = (
				79B9AD381FE14232000E5795 /* Base */,
			);
			name = LaunchScreen.storyboard;
			sourceTree = "<group>";
		};
/* End PBXVariantGroup section */

/* Begin XCBuildConfiguration section */
		79B9AD3B1FE14232000E5795 /* Debug */ = {
			isa = XCBuildConfiguration;
			buildSettings = {
				ALWAYS_SEARCH_USER_PATHS = NO;
				CLANG_ANALYZER_NONNULL = YES;
				CLANG_ANALYZER_NUMBER_OBJECT_CONVERSION = YES_AGGRESSIVE;
				CLANG_CXX_LANGUAGE_STANDARD = "gnu++14";
				CLANG_CXX_LIBRARY = "libc++";
				CLANG_ENABLE_MODULES = YES;
				CLANG_ENABLE_OBJC_ARC = YES;
				CLANG_WARN_BLOCK_CAPTURE_AUTORELEASING = YES;
				CLANG_WARN_BOOL_CONVERSION = YES;
				CLANG_WARN_COMMA = YES;
				CLANG_WARN_CONSTANT_CONVERSION = YES;
				CLANG_WARN_DIRECT_OBJC_ISA_USAGE = YES_ERROR;
				CLANG_WARN_DOCUMENTATION_COMMENTS = YES;
				CLANG_WARN_EMPTY_BODY = YES;
				CLANG_WARN_ENUM_CONVERSION = YES;
				CLANG_WARN_INFINITE_RECURSION = YES;
				CLANG_WARN_INT_CONVERSION = YES;
				CLANG_WARN_NON_LITERAL_NULL_CONVERSION = YES;
				CLANG_WARN_OBJC_LITERAL_CONVERSION = YES;
				CLANG_WARN_OBJC_ROOT_CLASS = YES_ERROR;
				CLANG_WARN_RANGE_LOOP_ANALYSIS = YES;
				CLANG_WARN_STRICT_PROTOTYPES = YES;
				CLANG_WARN_SUSPICIOUS_MOVE = YES;
				CLANG_WARN_UNGUARDED_AVAILABILITY = YES_AGGRESSIVE;
				CLANG_WARN_UNREACHABLE_CODE = YES;
				CLANG_WARN__DUPLICATE_METHOD_MATCH = YES;
				CODE_SIGN_IDENTITY = "iPhone Developer";
				COPY_PHASE_STRIP = NO;
				DEBUG_INFORMATION_FORMAT = dwarf;
				ENABLE_STRICT_OBJC_MSGSEND = YES;
				ENABLE_TESTABILITY = YES;
				GCC_C_LANGUAGE_STANDARD = gnu11;
				GCC_DYNAMIC_NO_PIC = NO;
				GCC_NO_COMMON_BLOCKS = YES;
				GCC_OPTIMIZATION_LEVEL = 0;
				GCC_PREPROCESSOR_DEFINITIONS = (
					"DEBUG=1",
					"$(inherited)",
				);
				GCC_WARN_64_TO_32_BIT_CONVERSION = YES;
				GCC_WARN_ABOUT_RETURN_TYPE = YES_ERROR;
				GCC_WARN_UNDECLARED_SELECTOR = YES;
				GCC_WARN_UNINITIALIZED_AUTOS = YES_AGGRESSIVE;
				GCC_WARN_UNUSED_FUNCTION = YES;
				GCC_WARN_UNUSED_VARIABLE = YES;
				IPHONEOS_DEPLOYMENT_TARGET = 11.1;
				MTL_ENABLE_DEBUG_INFO = YES;
				ONLY_ACTIVE_ARCH = YES;
				SDKROOT = iphoneos;
				SWIFT_ACTIVE_COMPILATION_CONDITIONS = DEBUG;
				SWIFT_OPTIMIZATION_LEVEL = "-Onone";
			};
			name = Debug;
		};
		79B9AD3C1FE14232000E5795 /* Release */ = {
			isa = XCBuildConfiguration;
			buildSettings = {
				ALWAYS_SEARCH_USER_PATHS = NO;
				CLANG_ANALYZER_NONNULL = YES;
				CLANG_ANALYZER_NUMBER_OBJECT_CONVERSION = YES_AGGRESSIVE;
				CLANG_CXX_LANGUAGE_STANDARD = "gnu++14";
				CLANG_CXX_LIBRARY = "libc++";
				CLANG_ENABLE_MODULES = YES;
				CLANG_ENABLE_OBJC_ARC = YES;
				CLANG_WARN_BLOCK_CAPTURE_AUTORELEASING = YES;
				CLANG_WARN_BOOL_CONVERSION = YES;
				CLANG_WARN_COMMA = YES;
				CLANG_WARN_CONSTANT_CONVERSION = YES;
				CLANG_WARN_DIRECT_OBJC_ISA_USAGE = YES_ERROR;
				CLANG_WARN_DOCUMENTATION_COMMENTS = YES;
				CLANG_WARN_EMPTY_BODY = YES;
				CLANG_WARN_ENUM_CONVERSION = YES;
				CLANG_WARN_INFINITE_RECURSION = YES;
				CLANG_WARN_INT_CONVERSION = YES;
				CLANG_WARN_NON_LITERAL_NULL_CONVERSION = YES;
				CLANG_WARN_OBJC_LITERAL_CONVERSION = YES;
				CLANG_WARN_OBJC_ROOT_CLASS = YES_ERROR;
				CLANG_WARN_RANGE_LOOP_ANALYSIS = YES;
				CLANG_WARN_STRICT_PROTOTYPES = YES;
				CLANG_WARN_SUSPICIOUS_MOVE = YES;
				CLANG_WARN_UNGUARDED_AVAILABILITY = YES_AGGRESSIVE;
				CLANG_WARN_UNREACHABLE_CODE = YES;
				CLANG_WARN__DUPLICATE_METHOD_MATCH = YES;
				CODE_SIGN_IDENTITY = "iPhone Developer";
				COPY_PHASE_STRIP = NO;
				DEBUG_INFORMATION_FORMAT = "dwarf-with-dsym";
				ENABLE_NS_ASSERTIONS = NO;
				ENABLE_STRICT_OBJC_MSGSEND = YES;
				GCC_C_LANGUAGE_STANDARD = gnu11;
				GCC_NO_COMMON_BLOCKS = YES;
				GCC_WARN_64_TO_32_BIT_CONVERSION = YES;
				GCC_WARN_ABOUT_RETURN_TYPE = YES_ERROR;
				GCC_WARN_UNDECLARED_SELECTOR = YES;
				GCC_WARN_UNINITIALIZED_AUTOS = YES_AGGRESSIVE;
				GCC_WARN_UNUSED_FUNCTION = YES;
				GCC_WARN_UNUSED_VARIABLE = YES;
				IPHONEOS_DEPLOYMENT_TARGET = 11.1;
				MTL_ENABLE_DEBUG_INFO = NO;
				SDKROOT = iphoneos;
				SWIFT_OPTIMIZATION_LEVEL = "-Owholemodule";
				VALIDATE_PRODUCT = YES;
			};
			name = Release;
		};
		79B9AD3E1FE14232000E5795 /* Debug */ = {
			isa = XCBuildConfiguration;
			buildSettings = {
				ASSETCATALOG_COMPILER_APPICON_NAME = AppIcon;
				CODE_SIGN_STYLE = Automatic;
				INFOPLIST_FILE = ViperSampleApp/Info.plist;
				LD_RUNPATH_SEARCH_PATHS = "$(inherited) @executable_path/Frameworks";
				PRODUCT_BUNDLE_IDENTIFIER = com.innofied.ViperSampleApp;
				PRODUCT_NAME = "$(TARGET_NAME)";
				SWIFT_OBJC_BRIDGING_HEADER = "$(PROJECT_DIR)/ViperSampleApp/SupportingFiles/ViperSampleApp-Bridging-Header.h";
				SWIFT_VERSION = 4.0;
				TARGETED_DEVICE_FAMILY = "1,2";
			};
			name = Debug;
		};
		79B9AD3F1FE14232000E5795 /* Release */ = {
			isa = XCBuildConfiguration;
			buildSettings = {
				ASSETCATALOG_COMPILER_APPICON_NAME = AppIcon;
				CODE_SIGN_STYLE = Automatic;
				INFOPLIST_FILE = ViperSampleApp/Info.plist;
				LD_RUNPATH_SEARCH_PATHS = "$(inherited) @executable_path/Frameworks";
				PRODUCT_BUNDLE_IDENTIFIER = com.innofied.ViperSampleApp;
				PRODUCT_NAME = "$(TARGET_NAME)";
				SWIFT_OBJC_BRIDGING_HEADER = "$(PROJECT_DIR)/ViperSampleApp/SupportingFiles/ViperSampleApp-Bridging-Header.h";
				SWIFT_VERSION = 4.0;
				TARGETED_DEVICE_FAMILY = "1,2";
			};
			name = Release;
		};
/* End XCBuildConfiguration section */

/* Begin XCConfigurationList section */
		79B9AC6B1FE14232000E5795 /* Build configuration list for PBXProject "ViperSampleApp" */ = {
			isa = XCConfigurationList;
			buildConfigurations = (
				79B9AD3B1FE14232000E5795 /* Debug */,
				79B9AD3C1FE14232000E5795 /* Release */,
			);
			defaultConfigurationIsVisible = 0;
			defaultConfigurationName = Release;
		};
		79B9AD3D1FE14232000E5795 /* Build configuration list for PBXNativeTarget "ViperSampleApp" */ = {
			isa = XCConfigurationList;
			buildConfigurations = (
				79B9AD3E1FE14232000E5795 /* Debug */,
				79B9AD3F1FE14232000E5795 /* Release */,
			);
			defaultConfigurationIsVisible = 0;
			defaultConfigurationName = Release;
		};
/* End XCConfigurationList section */
	};
	rootObject = 79B9AC681FE14232000E5795 /* Project object */;
}
